
Microsoft Visual Studio Solution File, Format Version 12.00
# Visual Studio Version 16
VisualStudioVersion = 16.0.32630.194
MinimumVisualStudioVersion = 10.0.40219.1
Project("{9A19103F-16F7-4668-BE54-9A1E7A4F7556}") = "DataStructure", "DataStructure\DataStructure.csproj", "{FAE4F935-3A92-4271-A7E5-ACB371EA6117}"
EndProject
Project("{FAE04EC0-301F-11D3-BF4B-00C04F79EFBC}") = "Codding", "Codding\Codding.csproj", "{BBDD5D2D-CAF7-457B-BD40-278D6D01EDFD}"
EndProject
Project("{FAE04EC0-301F-11D3-BF4B-00C04F79EFBC}") = "Practice", "Practice\Practice.csproj", "{688E4A75-EBAA-4BAB-8B73-939F5E3A8945}"
EndProject
Global
	GlobalSection(SolutionConfigurationPlatforms) = preSolution
		Debug|Any CPU = Debug|Any CPU
		Release|Any CPU = Release|Any CPU
	EndGlobalSection
	GlobalSection(ProjectConfigurationPlatforms) = postSolution
		{FAE4F935-3A92-4271-A7E5-ACB371EA6117}.Debug|Any CPU.ActiveCfg = Debug|Any CPU
		{FAE4F935-3A92-4271-A7E5-ACB371EA6117}.Debug|Any CPU.Build.0 = Debug|Any CPU
		{FAE4F935-3A92-4271-A7E5-ACB371EA6117}.Release|Any CPU.ActiveCfg = Release|Any CPU
		{FAE4F935-3A92-4271-A7E5-ACB371EA6117}.Release|Any CPU.Build.0 = Release|Any CPU
		{BBDD5D2D-CAF7-457B-BD40-278D6D01EDFD}.Debug|Any CPU.ActiveCfg = Debug|Any CPU
		{BBDD5D2D-CAF7-457B-BD40-278D6D01EDFD}.Debug|Any CPU.Build.0 = Debug|Any CPU
		{BBDD5D2D-CAF7-457B-BD40-278D6D01EDFD}.Release|Any CPU.ActiveCfg = Release|Any CPU
		{BBDD5D2D-CAF7-457B-BD40-278D6D01EDFD}.Release|Any CPU.Build.0 = Release|Any CPU
		{688E4A75-EBAA-4BAB-8B73-939F5E3A8945}.Debug|Any CPU.ActiveCfg = Debug|Any CPU
		{688E4A75-EBAA-4BAB-8B73-939F5E3A8945}.Debug|Any CPU.Build.0 = Debug|Any CPU
		{688E4A75-EBAA-4BAB-8B73-939F5E3A8945}.Release|Any CPU.ActiveCfg = Release|Any CPU
		{688E4A75-EBAA-4BAB-8B73-939F5E3A8945}.Release|Any CPU.Build.0 = Release|Any CPU
	EndGlobalSection
	GlobalSection(SolutionProperties) = preSolution
		HideSolutionNode = FALSE
	EndGlobalSection
	GlobalSection(ExtensibilityGlobals) = postSolution
		SolutionGuid = {1EACD51F-DD23-4A0A-8146-1A83F63F1D77}
	EndGlobalSection
EndGlobal
